// !$*UTF8*$!
{
	archiveVersion = 1;
	classes = {
	};
	objectVersion = 46;
	objects = {

/* Begin PBXBuildFile section */
		AD004BBA164DBE2D00226CAF /* PeerData.m in Sources */ = {isa = PBXBuildFile; fileRef = AD004BB9164DBE2D00226CAF /* PeerData.m */; };
		AD004BBF164DC9F600226CAF /* star0.jpg in Resources */ = {isa = PBXBuildFile; fileRef = AD004BBC164DC9F600226CAF /* star0.jpg */; };
		AD004BC0164DC9F600226CAF /* star1.jpg in Resources */ = {isa = PBXBuildFile; fileRef = AD004BBD164DC9F600226CAF /* star1.jpg */; };
		AD004BC1164DC9F600226CAF /* star2.jpg in Resources */ = {isa = PBXBuildFile; fileRef = AD004BBE164DC9F600226CAF /* star2.jpg */; };
		AD21EE621632D849009A9D4F /* GameKit.framework in Frameworks */ = {isa = PBXBuildFile; fileRef = AD21EE611632D849009A9D4F /* GameKit.framework */; };
		AD7DFE551632DB7500268CE7 /* ColorSelector.m in Sources */ = {isa = PBXBuildFile; fileRef = AD7DFE541632DB7500268CE7 /* ColorSelector.m */; };
		AD7DFE6416331A9800268CE7 /* RootViewController.xib in Resources */ = {isa = PBXBuildFile; fileRef = AD7DFE6316331A9700268CE7 /* RootViewController.xib */; };
		AD7F7611164D9BFE001EE310 /* CustomCell.xib in Resources */ = {isa = PBXBuildFile; fileRef = AD7F7610164D9BFE001EE310 /* CustomCell.xib */; };
		AD7F7614164D9D88001EE310 /* CustomCell.m in Sources */ = {isa = PBXBuildFile; fileRef = AD7F7613164D9D88001EE310 /* CustomCell.m */; };
		ADFB6B871644CAFA00E00CBF /* NetworkingViewController.m in Sources */ = {isa = PBXBuildFile; fileRef = ADFB6B851644CAFA00E00CBF /* NetworkingViewController.m */; };
		ADFB6B881644CAFA00E00CBF /* NetworkingViewController.xib in Resources */ = {isa = PBXBuildFile; fileRef = ADFB6B861644CAFA00E00CBF /* NetworkingViewController.xib */; };
		DD1933EC16659DC1004C41A7 /* MediaPlayer.framework in Frameworks */ = {isa = PBXBuildFile; fileRef = DD1933EB16659DC1004C41A7 /* MediaPlayer.framework */; };
		DD388C8616881150006EE98C /* CoreBluetooth.framework in Frameworks */ = {isa = PBXBuildFile; fileRef = DD388C8516881150006EE98C /* CoreBluetooth.framework */; };
		DDBDDBB81644A70B00006DD0 /* UIButtonBarRefresh@2x.png in Resources */ = {isa = PBXBuildFile; fileRef = DDBDDBB61644A70B00006DD0 /* UIButtonBarRefresh@2x.png */; };
		DDBDDBB91644A70B00006DD0 /* UIButtonBarRefresh.png in Resources */ = {isa = PBXBuildFile; fileRef = DDBDDBB71644A70B00006DD0 /* UIButtonBarRefresh.png */; };
		DDC47F3E163B05DA00D91401 /* BluetoothServices.m in Sources */ = {isa = PBXBuildFile; fileRef = DDC47F3D163B05DA00D91401 /* BluetoothServices.m */; };
		DDC47F42163B11C000D91401 /* AppModel.m in Sources */ = {isa = PBXBuildFile; fileRef = DDC47F41163B11C000D91401 /* AppModel.m */; };
		DDC5CFB016618277007D07F1 /* Remove-icon.png in Resources */ = {isa = PBXBuildFile; fileRef = DDC5CFAE16618277007D07F1 /* Remove-icon.png */; };
		DDC5CFB116618277007D07F1 /* Remove-icon@2x.png in Resources */ = {isa = PBXBuildFile; fileRef = DDC5CFAF16618277007D07F1 /* Remove-icon@2x.png */; };
		DDC5CFB41661837D007D07F1 /* remove_icon.png in Resources */ = {isa = PBXBuildFile; fileRef = DDC5CFB31661837D007D07F1 /* remove_icon.png */; };
		DDCEF7891632556B0003EEB2 /* UIKit.framework in Frameworks */ = {isa = PBXBuildFile; fileRef = DDCEF7881632556B0003EEB2 /* UIKit.framework */; };
		DDCEF78B1632556B0003EEB2 /* Foundation.framework in Frameworks */ = {isa = PBXBuildFile; fileRef = DDCEF78A1632556B0003EEB2 /* Foundation.framework */; };
		DDCEF78D1632556B0003EEB2 /* CoreGraphics.framework in Frameworks */ = {isa = PBXBuildFile; fileRef = DDCEF78C1632556B0003EEB2 /* CoreGraphics.framework */; };
		DDCEF78F1632556B0003EEB2 /* CoreData.framework in Frameworks */ = {isa = PBXBuildFile; fileRef = DDCEF78E1632556B0003EEB2 /* CoreData.framework */; };
		DDCEF7951632556B0003EEB2 /* InfoPlist.strings in Resources */ = {isa = PBXBuildFile; fileRef = DDCEF7931632556B0003EEB2 /* InfoPlist.strings */; };
		DDCEF7971632556B0003EEB2 /* main.m in Sources */ = {isa = PBXBuildFile; fileRef = DDCEF7961632556B0003EEB2 /* main.m */; };
		DDCEF79D1632556B0003EEB2 /* Default.png in Resources */ = {isa = PBXBuildFile; fileRef = DDCEF79C1632556B0003EEB2 /* Default.png */; };
		DDCEF79F1632556B0003EEB2 /* Default@2x.png in Resources */ = {isa = PBXBuildFile; fileRef = DDCEF79E1632556B0003EEB2 /* Default@2x.png */; };
		DDCEF7A11632556B0003EEB2 /* Default-568h@2x.png in Resources */ = {isa = PBXBuildFile; fileRef = DDCEF7A01632556B0003EEB2 /* Default-568h@2x.png */; };
		DDCEF7A41632556B0003EEB2 /* Ninja.xcdatamodeld in Sources */ = {isa = PBXBuildFile; fileRef = DDCEF7A21632556B0003EEB2 /* Ninja.xcdatamodeld */; };
		DDCEF7CA1632559A0003EEB2 /* AppDelegate.m in Sources */ = {isa = PBXBuildFile; fileRef = DDCEF7C41632559A0003EEB2 /* AppDelegate.m */; };
		DDCEF7D01632559A0003EEB2 /* GameViewController.m in Sources */ = {isa = PBXBuildFile; fileRef = DDCEF7C91632559A0003EEB2 /* GameViewController.m */; };
		DDCEF7D3163255A60003EEB2 /* AudioToolbox.framework in Frameworks */ = {isa = PBXBuildFile; fileRef = DDCEF7D2163255A60003EEB2 /* AudioToolbox.framework */; };
		DDCEF7D6163257B90003EEB2 /* CoreMotion.framework in Frameworks */ = {isa = PBXBuildFile; fileRef = DDCEF7D4163255AC0003EEB2 /* CoreMotion.framework */; };
		DDCEF7DF163276D60003EEB2 /* RootViewController.m in Sources */ = {isa = PBXBuildFile; fileRef = DDCEF7DD163276D60003EEB2 /* RootViewController.m */; };
		DDCEF7EB163296620003EEB2 /* AVFoundation.framework in Frameworks */ = {isa = PBXBuildFile; fileRef = DDCEF7EA163296620003EEB2 /* AVFoundation.framework */; };
		DDCEF7F816329BE00003EEB2 /* ColorButton.m in Sources */ = {isa = PBXBuildFile; fileRef = DDCEF7F716329BE00003EEB2 /* ColorButton.m */; };
		DDCEF8041632AC310003EEB2 /* TablePopUp.m in Sources */ = {isa = PBXBuildFile; fileRef = DDCEF8031632AC310003EEB2 /* TablePopUp.m */; };
/* End PBXBuildFile section */

/* Begin PBXFileReference section */
		AD004BB8164DBE2D00226CAF /* PeerData.h */ = {isa = PBXFileReference; fileEncoding = 4; lastKnownFileType = sourcecode.c.h; path = PeerData.h; sourceTree = "<group>"; };
		AD004BB9164DBE2D00226CAF /* PeerData.m */ = {isa = PBXFileReference; fileEncoding = 4; lastKnownFileType = sourcecode.c.objc; path = PeerData.m; sourceTree = "<group>"; };
		AD004BBC164DC9F600226CAF /* star0.jpg */ = {isa = PBXFileReference; lastKnownFileType = image.jpeg; path = star0.jpg; sourceTree = "<group>"; };
		AD004BBD164DC9F600226CAF /* star1.jpg */ = {isa = PBXFileReference; lastKnownFileType = image.jpeg; path = star1.jpg; sourceTree = "<group>"; };
		AD004BBE164DC9F600226CAF /* star2.jpg */ = {isa = PBXFileReference; lastKnownFileType = image.jpeg; path = star2.jpg; sourceTree = "<group>"; };
		AD21EE611632D849009A9D4F /* GameKit.framework */ = {isa = PBXFileReference; lastKnownFileType = wrapper.framework; name = GameKit.framework; path = System/Library/Frameworks/GameKit.framework; sourceTree = SDKROOT; };
		AD7DFE531632DB7500268CE7 /* ColorSelector.h */ = {isa = PBXFileReference; fileEncoding = 4; lastKnownFileType = sourcecode.c.h; path = ColorSelector.h; sourceTree = "<group>"; };
		AD7DFE541632DB7500268CE7 /* ColorSelector.m */ = {isa = PBXFileReference; fileEncoding = 4; lastKnownFileType = sourcecode.c.objc; path = ColorSelector.m; sourceTree = "<group>"; };
		AD7DFE6316331A9700268CE7 /* RootViewController.xib */ = {isa = PBXFileReference; fileEncoding = 4; lastKnownFileType = file.xib; path = RootViewController.xib; sourceTree = "<group>"; };
		AD7F7610164D9BFE001EE310 /* CustomCell.xib */ = {isa = PBXFileReference; fileEncoding = 4; lastKnownFileType = file.xib; path = CustomCell.xib; sourceTree = "<group>"; };
		AD7F7612164D9D87001EE310 /* CustomCell.h */ = {isa = PBXFileReference; fileEncoding = 4; lastKnownFileType = sourcecode.c.h; path = CustomCell.h; sourceTree = "<group>"; };
		AD7F7613164D9D88001EE310 /* CustomCell.m */ = {isa = PBXFileReference; fileEncoding = 4; lastKnownFileType = sourcecode.c.objc; path = CustomCell.m; sourceTree = "<group>"; };
		ADFB6B841644CAFA00E00CBF /* NetworkingViewController.h */ = {isa = PBXFileReference; fileEncoding = 4; lastKnownFileType = sourcecode.c.h; path = NetworkingViewController.h; sourceTree = "<group>"; };
		ADFB6B851644CAFA00E00CBF /* NetworkingViewController.m */ = {isa = PBXFileReference; fileEncoding = 4; lastKnownFileType = sourcecode.c.objc; path = NetworkingViewController.m; sourceTree = "<group>"; };
		ADFB6B861644CAFA00E00CBF /* NetworkingViewController.xib */ = {isa = PBXFileReference; fileEncoding = 4; lastKnownFileType = file.xib; path = NetworkingViewController.xib; sourceTree = "<group>"; };
		DD1933EB16659DC1004C41A7 /* MediaPlayer.framework */ = {isa = PBXFileReference; lastKnownFileType = wrapper.framework; name = MediaPlayer.framework; path = System/Library/Frameworks/MediaPlayer.framework; sourceTree = SDKROOT; };
		DD388C8516881150006EE98C /* CoreBluetooth.framework */ = {isa = PBXFileReference; lastKnownFileType = wrapper.framework; name = CoreBluetooth.framework; path = System/Library/Frameworks/CoreBluetooth.framework; sourceTree = SDKROOT; };
		DDBDDBB61644A70B00006DD0 /* UIButtonBarRefresh@2x.png */ = {isa = PBXFileReference; lastKnownFileType = image.png; path = "UIButtonBarRefresh@2x.png"; sourceTree = "<group>"; };
		DDBDDBB71644A70B00006DD0 /* UIButtonBarRefresh.png */ = {isa = PBXFileReference; lastKnownFileType = image.png; path = UIButtonBarRefresh.png; sourceTree = "<group>"; };
		DDC47F3C163B05DA00D91401 /* BluetoothServices.h */ = {isa = PBXFileReference; fileEncoding = 4; lastKnownFileType = sourcecode.c.h; path = BluetoothServices.h; sourceTree = "<group>"; };
		DDC47F3D163B05DA00D91401 /* BluetoothServices.m */ = {isa = PBXFileReference; fileEncoding = 4; lastKnownFileType = sourcecode.c.objc; path = BluetoothServices.m; sourceTree = "<group>"; };
		DDC47F40163B11C000D91401 /* AppModel.h */ = {isa = PBXFileReference; fileEncoding = 4; lastKnownFileType = sourcecode.c.h; path = AppModel.h; sourceTree = "<group>"; };
		DDC47F41163B11C000D91401 /* AppModel.m */ = {isa = PBXFileReference; fileEncoding = 4; lastKnownFileType = sourcecode.c.objc; path = AppModel.m; sourceTree = "<group>"; };
		DDC5CFAE16618277007D07F1 /* Remove-icon.png */ = {isa = PBXFileReference; lastKnownFileType = image.png; path = "Remove-icon.png"; sourceTree = "<group>"; };
		DDC5CFAF16618277007D07F1 /* Remove-icon@2x.png */ = {isa = PBXFileReference; lastKnownFileType = image.png; path = "Remove-icon@2x.png"; sourceTree = "<group>"; };
		DDC5CFB31661837D007D07F1 /* remove_icon.png */ = {isa = PBXFileReference; lastKnownFileType = image.png; path = remove_icon.png; sourceTree = "<group>"; };
		DDCEF7841632556B0003EEB2 /* Bluetooth API.app */ = {isa = PBXFileReference; explicitFileType = wrapper.application; includeInIndex = 0; path = "Bluetooth API.app"; sourceTree = BUILT_PRODUCTS_DIR; };
		DDCEF7881632556B0003EEB2 /* UIKit.framework */ = {isa = PBXFileReference; lastKnownFileType = wrapper.framework; name = UIKit.framework; path = System/Library/Frameworks/UIKit.framework; sourceTree = SDKROOT; };
		DDCEF78A1632556B0003EEB2 /* Foundation.framework */ = {isa = PBXFileReference; lastKnownFileType = wrapper.framework; name = Foundation.framework; path = System/Library/Frameworks/Foundation.framework; sourceTree = SDKROOT; };
		DDCEF78C1632556B0003EEB2 /* CoreGraphics.framework */ = {isa = PBXFileReference; lastKnownFileType = wrapper.framework; name = CoreGraphics.framework; path = System/Library/Frameworks/CoreGraphics.framework; sourceTree = SDKROOT; };
		DDCEF78E1632556B0003EEB2 /* CoreData.framework */ = {isa = PBXFileReference; lastKnownFileType = wrapper.framework; name = CoreData.framework; path = System/Library/Frameworks/CoreData.framework; sourceTree = SDKROOT; };
		DDCEF7921632556B0003EEB2 /* Bluetooth API-Info.plist */ = {isa = PBXFileReference; lastKnownFileType = text.plist.xml; path = "Bluetooth API-Info.plist"; sourceTree = "<group>"; };
		DDCEF7941632556B0003EEB2 /* en */ = {isa = PBXFileReference; lastKnownFileType = text.plist.strings; name = en; path = en.lproj/InfoPlist.strings; sourceTree = "<group>"; };
		DDCEF7961632556B0003EEB2 /* main.m */ = {isa = PBXFileReference; lastKnownFileType = sourcecode.c.objc; path = main.m; sourceTree = "<group>"; };
		DDCEF7981632556B0003EEB2 /* Bluetooth API-Prefix.pch */ = {isa = PBXFileReference; lastKnownFileType = sourcecode.c.h; path = "Bluetooth API-Prefix.pch"; sourceTree = "<group>"; };
		DDCEF79C1632556B0003EEB2 /* Default.png */ = {isa = PBXFileReference; lastKnownFileType = image.png; path = Default.png; sourceTree = "<group>"; };
		DDCEF79E1632556B0003EEB2 /* Default@2x.png */ = {isa = PBXFileReference; lastKnownFileType = image.png; path = "Default@2x.png"; sourceTree = "<group>"; };
		DDCEF7A01632556B0003EEB2 /* Default-568h@2x.png */ = {isa = PBXFileReference; lastKnownFileType = image.png; path = "Default-568h@2x.png"; sourceTree = "<group>"; };
		DDCEF7A31632556B0003EEB2 /* Ninja.xcdatamodel */ = {isa = PBXFileReference; lastKnownFileType = wrapper.xcdatamodel; path = Ninja.xcdatamodel; sourceTree = "<group>"; };
		DDCEF7AB1632556C0003EEB2 /* SenTestingKit.framework */ = {isa = PBXFileReference; lastKnownFileType = wrapper.framework; name = SenTestingKit.framework; path = Library/Frameworks/SenTestingKit.framework; sourceTree = DEVELOPER_DIR; };
		DDCEF7B41632556C0003EEB2 /* Ninja BluetoothsTests-Info.plist */ = {isa = PBXFileReference; lastKnownFileType = text.plist.xml; path = "Ninja BluetoothsTests-Info.plist"; sourceTree = "<group>"; };
		DDCEF7B61632556C0003EEB2 /* en */ = {isa = PBXFileReference; lastKnownFileType = text.plist.strings; name = en; path = en.lproj/InfoPlist.strings; sourceTree = "<group>"; };
		DDCEF7B81632556C0003EEB2 /* NinjaTests.h */ = {isa = PBXFileReference; lastKnownFileType = sourcecode.c.h; path = NinjaTests.h; sourceTree = "<group>"; };
		DDCEF7B91632556C0003EEB2 /* NinjaTests.m */ = {isa = PBXFileReference; lastKnownFileType = sourcecode.c.objc; path = NinjaTests.m; sourceTree = "<group>"; };
		DDCEF7C31632559A0003EEB2 /* AppDelegate.h */ = {isa = PBXFileReference; fileEncoding = 4; lastKnownFileType = sourcecode.c.h; path = AppDelegate.h; sourceTree = "<group>"; };
		DDCEF7C41632559A0003EEB2 /* AppDelegate.m */ = {isa = PBXFileReference; fileEncoding = 4; lastKnownFileType = sourcecode.c.objc; path = AppDelegate.m; sourceTree = "<group>"; };
		DDCEF7C81632559A0003EEB2 /* GameViewController.h */ = {isa = PBXFileReference; fileEncoding = 4; lastKnownFileType = sourcecode.c.h; path = GameViewController.h; sourceTree = "<group>"; };
		DDCEF7C91632559A0003EEB2 /* GameViewController.m */ = {isa = PBXFileReference; fileEncoding = 4; lastKnownFileType = sourcecode.c.objc; path = GameViewController.m; sourceTree = "<group>"; };
		DDCEF7D2163255A60003EEB2 /* AudioToolbox.framework */ = {isa = PBXFileReference; lastKnownFileType = wrapper.framework; name = AudioToolbox.framework; path = System/Library/Frameworks/AudioToolbox.framework; sourceTree = SDKROOT; };
		DDCEF7D4163255AC0003EEB2 /* CoreMotion.framework */ = {isa = PBXFileReference; lastKnownFileType = wrapper.framework; name = CoreMotion.framework; path = System/Library/Frameworks/CoreMotion.framework; sourceTree = SDKROOT; };
		DDCEF7DC163276D60003EEB2 /* RootViewController.h */ = {isa = PBXFileReference; fileEncoding = 4; lastKnownFileType = sourcecode.c.h; path = RootViewController.h; sourceTree = "<group>"; };
		DDCEF7DD163276D60003EEB2 /* RootViewController.m */ = {isa = PBXFileReference; fileEncoding = 4; lastKnownFileType = sourcecode.c.objc; path = RootViewController.m; sourceTree = "<group>"; };
		DDCEF7EA163296620003EEB2 /* AVFoundation.framework */ = {isa = PBXFileReference; lastKnownFileType = wrapper.framework; name = AVFoundation.framework; path = System/Library/Frameworks/AVFoundation.framework; sourceTree = SDKROOT; };
		DDCEF7F616329BE00003EEB2 /* ColorButton.h */ = {isa = PBXFileReference; fileEncoding = 4; lastKnownFileType = sourcecode.c.h; path = ColorButton.h; sourceTree = "<group>"; };
		DDCEF7F716329BE00003EEB2 /* ColorButton.m */ = {isa = PBXFileReference; fileEncoding = 4; lastKnownFileType = sourcecode.c.objc; path = ColorButton.m; sourceTree = "<group>"; };
		DDCEF8021632AC310003EEB2 /* TablePopUp.h */ = {isa = PBXFileReference; fileEncoding = 4; lastKnownFileType = sourcecode.c.h; path = TablePopUp.h; sourceTree = "<group>"; };
		DDCEF8031632AC310003EEB2 /* TablePopUp.m */ = {isa = PBXFileReference; fileEncoding = 4; lastKnownFileType = sourcecode.c.objc; path = TablePopUp.m; sourceTree = "<group>"; };
/* End PBXFileReference section */

/* Begin PBXFrameworksBuildPhase section */
		DDCEF7811632556B0003EEB2 /* Frameworks */ = {
			isa = PBXFrameworksBuildPhase;
			buildActionMask = 2147483647;
			files = (
				DD388C8616881150006EE98C /* CoreBluetooth.framework in Frameworks */,
				DD1933EC16659DC1004C41A7 /* MediaPlayer.framework in Frameworks */,
				AD21EE621632D849009A9D4F /* GameKit.framework in Frameworks */,
				DDCEF7EB163296620003EEB2 /* AVFoundation.framework in Frameworks */,
				DDCEF7D6163257B90003EEB2 /* CoreMotion.framework in Frameworks */,
				DDCEF7D3163255A60003EEB2 /* AudioToolbox.framework in Frameworks */,
				DDCEF7891632556B0003EEB2 /* UIKit.framework in Frameworks */,
				DDCEF78B1632556B0003EEB2 /* Foundation.framework in Frameworks */,
				DDCEF78D1632556B0003EEB2 /* CoreGraphics.framework in Frameworks */,
				DDCEF78F1632556B0003EEB2 /* CoreData.framework in Frameworks */,
			);
			runOnlyForDeploymentPostprocessing = 0;
		};
/* End PBXFrameworksBuildPhase section */

/* Begin PBXGroup section */
		DDBDDBB51644962200006DD0 /* Bluetooth */ = {
			isa = PBXGroup;
			children = (
				DDC47F3C163B05DA00D91401 /* BluetoothServices.h */,
				DDC47F3D163B05DA00D91401 /* BluetoothServices.m */,
				ADFB6B841644CAFA00E00CBF /* NetworkingViewController.h */,
				ADFB6B851644CAFA00E00CBF /* NetworkingViewController.m */,
				ADFB6B861644CAFA00E00CBF /* NetworkingViewController.xib */,
				AD7F7610164D9BFE001EE310 /* CustomCell.xib */,
				AD7F7612164D9D87001EE310 /* CustomCell.h */,
				AD7F7613164D9D88001EE310 /* CustomCell.m */,
				AD004BB8164DBE2D00226CAF /* PeerData.h */,
				AD004BB9164DBE2D00226CAF /* PeerData.m */,
			);
			name = Bluetooth;
			sourceTree = "<group>";
		};
		DDBDDBBB1644A72A00006DD0 /* Icons */ = {
			isa = PBXGroup;
			children = (
				DDBDDBB61644A70B00006DD0 /* UIButtonBarRefresh@2x.png */,
				AD004BBC164DC9F600226CAF /* star0.jpg */,
				AD004BBD164DC9F600226CAF /* star1.jpg */,
				AD004BBE164DC9F600226CAF /* star2.jpg */,
				DDBDDBB71644A70B00006DD0 /* UIButtonBarRefresh.png */,
			);
			name = Icons;
			sourceTree = "<group>";
		};
		DDC47F43163B130800D91401 /* Core */ = {
			isa = PBXGroup;
			children = (
				DDCEF7C31632559A0003EEB2 /* AppDelegate.h */,
				DDCEF7C41632559A0003EEB2 /* AppDelegate.m */,
				DDC47F40163B11C000D91401 /* AppModel.h */,
				DDC47F41163B11C000D91401 /* AppModel.m */,
				DDCEF7DC163276D60003EEB2 /* RootViewController.h */,
				DDCEF7DD163276D60003EEB2 /* RootViewController.m */,
				AD7DFE6316331A9700268CE7 /* RootViewController.xib */,
			);
			name = Core;
			sourceTree = "<group>";
		};
		DDC47F44163B131F00D91401 /* Empty Views */ = {
			isa = PBXGroup;
			children = (
				DDCEF7F616329BE00003EEB2 /* ColorButton.h */,
				DDCEF7F716329BE00003EEB2 /* ColorButton.m */,
				AD7DFE531632DB7500268CE7 /* ColorSelector.h */,
				AD7DFE541632DB7500268CE7 /* ColorSelector.m */,
				DDCEF8021632AC310003EEB2 /* TablePopUp.h */,
				DDCEF8031632AC310003EEB2 /* TablePopUp.m */,
			);
			name = "Empty Views";
			sourceTree = "<group>";
		};
		DDC47F45163B135900D91401 /* Game Mode Views */ = {
			isa = PBXGroup;
			children = (
				DDCEF7C81632559A0003EEB2 /* GameViewController.h */,
				DDCEF7C91632559A0003EEB2 /* GameViewController.m */,
			);
			name = "Game Mode Views";
			sourceTree = "<group>";
		};
		DDCEF7791632556B0003EEB2 = {
			isa = PBXGroup;
			children = (
				DD388C8516881150006EE98C /* CoreBluetooth.framework */,
				DD1933EB16659DC1004C41A7 /* MediaPlayer.framework */,
				AD21EE611632D849009A9D4F /* GameKit.framework */,
				DDCEF7EA163296620003EEB2 /* AVFoundation.framework */,
				DDCEF7D4163255AC0003EEB2 /* CoreMotion.framework */,
				DDCEF7D2163255A60003EEB2 /* AudioToolbox.framework */,
				DDCEF7901632556B0003EEB2 /* Ninja */,
				DDCEF7B21632556C0003EEB2 /* NinjaTests */,
				DDCEF7871632556B0003EEB2 /* Frameworks */,
				DDCEF7851632556B0003EEB2 /* Products */,
			);
			sourceTree = "<group>";
		};
		DDCEF7851632556B0003EEB2 /* Products */ = {
			isa = PBXGroup;
			children = (
				DDCEF7841632556B0003EEB2 /* Bluetooth API.app */,
			);
			name = Products;
			sourceTree = "<group>";
		};
		DDCEF7871632556B0003EEB2 /* Frameworks */ = {
			isa = PBXGroup;
			children = (
				DDCEF7881632556B0003EEB2 /* UIKit.framework */,
				DDCEF78A1632556B0003EEB2 /* Foundation.framework */,
				DDCEF78C1632556B0003EEB2 /* CoreGraphics.framework */,
				DDCEF78E1632556B0003EEB2 /* CoreData.framework */,
				DDCEF7AB1632556C0003EEB2 /* SenTestingKit.framework */,
			);
			name = Frameworks;
			sourceTree = "<group>";
		};
		DDCEF7901632556B0003EEB2 /* Ninja */ = {
			isa = PBXGroup;
			children = (
				DDBDDBBB1644A72A00006DD0 /* Icons */,
				DDBDDBB51644962200006DD0 /* Bluetooth */,
				DDC47F43163B130800D91401 /* Core */,
				DDC47F45163B135900D91401 /* Game Mode Views */,
				DDC47F44163B131F00D91401 /* Empty Views */,
				DDCEF7A21632556B0003EEB2 /* Ninja.xcdatamodeld */,
				DDCEF7911632556B0003EEB2 /* Supporting Files */,
			);
			path = Ninja;
			sourceTree = "<group>";
		};
		DDCEF7911632556B0003EEB2 /* Supporting Files */ = {
			isa = PBXGroup;
			children = (
				DDCEF7921632556B0003EEB2 /* Bluetooth API-Info.plist */,
				DDCEF7931632556B0003EEB2 /* InfoPlist.strings */,
				DDCEF7961632556B0003EEB2 /* main.m */,
				DDCEF7981632556B0003EEB2 /* Bluetooth API-Prefix.pch */,
				DDCEF79C1632556B0003EEB2 /* Default.png */,
				DDCEF79E1632556B0003EEB2 /* Default@2x.png */,
				DDCEF7A01632556B0003EEB2 /* Default-568h@2x.png */,
				DDC5CFB31661837D007D07F1 /* remove_icon.png */,
				DDC5CFAE16618277007D07F1 /* Remove-icon.png */,
				DDC5CFAF16618277007D07F1 /* Remove-icon@2x.png */,
			);
			name = "Supporting Files";
			sourceTree = "<group>";
		};
		DDCEF7B21632556C0003EEB2 /* NinjaTests */ = {
			isa = PBXGroup;
			children = (
				DDCEF7B81632556C0003EEB2 /* NinjaTests.h */,
				DDCEF7B91632556C0003EEB2 /* NinjaTests.m */,
				DDCEF7B31632556C0003EEB2 /* Supporting Files */,
			);
			path = NinjaTests;
			sourceTree = "<group>";
		};
		DDCEF7B31632556C0003EEB2 /* Supporting Files */ = {
			isa = PBXGroup;
			children = (
				DDCEF7B41632556C0003EEB2 /* Ninja BluetoothsTests-Info.plist */,
				DDCEF7B51632556C0003EEB2 /* InfoPlist.strings */,
			);
			name = "Supporting Files";
			sourceTree = "<group>";
		};
/* End PBXGroup section */

/* Begin PBXNativeTarget section */
		DDCEF7831632556B0003EEB2 /* Bluetooth API */ = {
			isa = PBXNativeTarget;
			buildConfigurationList = DDCEF7BD1632556C0003EEB2 /* Build configuration list for PBXNativeTarget "Bluetooth API" */;
			buildPhases = (
				DDCEF7801632556B0003EEB2 /* Sources */,
				DDCEF7811632556B0003EEB2 /* Frameworks */,
				DDCEF7821632556B0003EEB2 /* Resources */,
			);
			buildRules = (
			);
			dependencies = (
			);
			name = "Bluetooth API";
			productName = Ninja;
			productReference = DDCEF7841632556B0003EEB2 /* Bluetooth API.app */;
			productType = "com.apple.product-type.application";
		};
/* End PBXNativeTarget section */

/* Begin PBXProject section */
		DDCEF77B1632556B0003EEB2 /* Project object */ = {
			isa = PBXProject;
			attributes = {
				LastUpgradeCheck = 0450;
				ORGANIZATIONNAME = "Jacob Hanshaw";
			};
			buildConfigurationList = DDCEF77E1632556B0003EEB2 /* Build configuration list for PBXProject "Bluetooth API" */;
			compatibilityVersion = "Xcode 3.2";
			developmentRegion = English;
			hasScannedForEncodings = 0;
			knownRegions = (
				en,
			);
			mainGroup = DDCEF7791632556B0003EEB2;
			productRefGroup = DDCEF7851632556B0003EEB2 /* Products */;
			projectDirPath = "";
			projectRoot = "";
			targets = (
				DDCEF7831632556B0003EEB2 /* Bluetooth API */,
			);
		};
/* End PBXProject section */

/* Begin PBXResourcesBuildPhase section */
		DDCEF7821632556B0003EEB2 /* Resources */ = {
			isa = PBXResourcesBuildPhase;
			buildActionMask = 2147483647;
			files = (
				DDCEF7951632556B0003EEB2 /* InfoPlist.strings in Resources */,
				DDCEF79D1632556B0003EEB2 /* Default.png in Resources */,
				DDCEF79F1632556B0003EEB2 /* Default@2x.png in Resources */,
				DDCEF7A11632556B0003EEB2 /* Default-568h@2x.png in Resources */,
				AD7DFE6416331A9800268CE7 /* RootViewController.xib in Resources */,
				DDBDDBB81644A70B00006DD0 /* UIButtonBarRefresh@2x.png in Resources */,
				DDBDDBB91644A70B00006DD0 /* UIButtonBarRefresh.png in Resources */,
				ADFB6B881644CAFA00E00CBF /* NetworkingViewController.xib in Resources */,
				AD7F7611164D9BFE001EE310 /* CustomCell.xib in Resources */,
				AD004BBF164DC9F600226CAF /* star0.jpg in Resources */,
				AD004BC0164DC9F600226CAF /* star1.jpg in Resources */,
				AD004BC1164DC9F600226CAF /* star2.jpg in Resources */,
				DDC5CFB016618277007D07F1 /* Remove-icon.png in Resources */,
				DDC5CFB116618277007D07F1 /* Remove-icon@2x.png in Resources */,
				DDC5CFB41661837D007D07F1 /* remove_icon.png in Resources */,
			);
			runOnlyForDeploymentPostprocessing = 0;
		};
/* End PBXResourcesBuildPhase section */

/* Begin PBXSourcesBuildPhase section */
		DDCEF7801632556B0003EEB2 /* Sources */ = {
			isa = PBXSourcesBuildPhase;
			buildActionMask = 2147483647;
			files = (
				DDCEF7971632556B0003EEB2 /* main.m in Sources */,
				DDCEF7A41632556B0003EEB2 /* Ninja.xcdatamodeld in Sources */,
				DDCEF7CA1632559A0003EEB2 /* AppDelegate.m in Sources */,
				DDCEF7D01632559A0003EEB2 /* GameViewController.m in Sources */,
				DDCEF7DF163276D60003EEB2 /* RootViewController.m in Sources */,
				DDCEF7F816329BE00003EEB2 /* ColorButton.m in Sources */,
				DDCEF8041632AC310003EEB2 /* TablePopUp.m in Sources */,
				AD7DFE551632DB7500268CE7 /* ColorSelector.m in Sources */,
				DDC47F3E163B05DA00D91401 /* BluetoothServices.m in Sources */,
				DDC47F42163B11C000D91401 /* AppModel.m in Sources */,
				ADFB6B871644CAFA00E00CBF /* NetworkingViewController.m in Sources */,
				AD7F7614164D9D88001EE310 /* CustomCell.m in Sources */,
				AD004BBA164DBE2D00226CAF /* PeerData.m in Sources */,
			);
			runOnlyForDeploymentPostprocessing = 0;
		};
/* End PBXSourcesBuildPhase section */

/* Begin PBXVariantGroup section */
		DDCEF7931632556B0003EEB2 /* InfoPlist.strings */ = {
			isa = PBXVariantGroup;
			children = (
				DDCEF7941632556B0003EEB2 /* en */,
			);
			name = InfoPlist.strings;
			sourceTree = "<group>";
		};
		DDCEF7B51632556C0003EEB2 /* InfoPlist.strings */ = {
			isa = PBXVariantGroup;
			children = (
				DDCEF7B61632556C0003EEB2 /* en */,
			);
			name = InfoPlist.strings;
			sourceTree = "<group>";
		};
/* End PBXVariantGroup section */

/* Begin XCBuildConfiguration section */
		DDCEF7BB1632556C0003EEB2 /* Debug */ = {
			isa = XCBuildConfiguration;
			buildSettings = {
				ALWAYS_SEARCH_USER_PATHS = NO;
				CLANG_CXX_LANGUAGE_STANDARD = "gnu++0x";
				CLANG_CXX_LIBRARY = "libc++";
				CLANG_ENABLE_OBJC_ARC = YES;
				CLANG_WARN_EMPTY_BODY = YES;
				CLANG_WARN__DUPLICATE_METHOD_MATCH = YES;
				"CODE_SIGN_IDENTITY[sdk=iphoneos*]" = "iPhone Developer";
				COPY_PHASE_STRIP = NO;
				GCC_C_LANGUAGE_STANDARD = gnu99;
				GCC_DYNAMIC_NO_PIC = NO;
				GCC_OPTIMIZATION_LEVEL = 0;
				GCC_PREPROCESSOR_DEFINITIONS = (
					"DEBUG=1",
					"$(inherited)",
				);
				GCC_SYMBOLS_PRIVATE_EXTERN = NO;
				GCC_WARN_ABOUT_RETURN_TYPE = YES;
				GCC_WARN_UNINITIALIZED_AUTOS = YES;
				GCC_WARN_UNUSED_VARIABLE = YES;
				IPHONEOS_DEPLOYMENT_TARGET = 5.0;
				SDKROOT = iphoneos;
			};
			name = Debug;
		};
		DDCEF7BC1632556C0003EEB2 /* Release */ = {
			isa = XCBuildConfiguration;
			buildSettings = {
				ALWAYS_SEARCH_USER_PATHS = NO;
				CLANG_CXX_LANGUAGE_STANDARD = "gnu++0x";
				CLANG_CXX_LIBRARY = "libc++";
				CLANG_ENABLE_OBJC_ARC = YES;
				CLANG_WARN_EMPTY_BODY = YES;
				CLANG_WARN__DUPLICATE_METHOD_MATCH = YES;
				"CODE_SIGN_IDENTITY[sdk=iphoneos*]" = "iPhone Developer";
				COPY_PHASE_STRIP = YES;
				GCC_C_LANGUAGE_STANDARD = gnu99;
				GCC_WARN_ABOUT_RETURN_TYPE = YES;
				GCC_WARN_UNINITIALIZED_AUTOS = YES;
				GCC_WARN_UNUSED_VARIABLE = YES;
				IPHONEOS_DEPLOYMENT_TARGET = 5.0;
				OTHER_CFLAGS = "-DNS_BLOCK_ASSERTIONS=1";
				SDKROOT = iphoneos;
				VALIDATE_PRODUCT = YES;
			};
			name = Release;
		};
		DDCEF7BE1632556C0003EEB2 /* Debug */ = {
			isa = XCBuildConfiguration;
			buildSettings = {
				GCC_PRECOMPILE_PREFIX_HEADER = YES;
				GCC_PREFIX_HEADER = "Ninja/Bluetooth API-Prefix.pch";
				INFOPLIST_FILE = "Ninja/Bluetooth API-Info.plist";
				IPHONEOS_DEPLOYMENT_TARGET = 5.1;
				PRODUCT_NAME = "Bluetooth API";
				WRAPPER_EXTENSION = app;
			};
			name = Debug;
		};
		DDCEF7BF1632556C0003EEB2 /* Release */ = {
			isa = XCBuildConfiguration;
			buildSettings = {
				GCC_PRECOMPILE_PREFIX_HEADER = YES;
				GCC_PREFIX_HEADER = "Ninja/Bluetooth API-Prefix.pch";
				INFOPLIST_FILE = "Ninja/Bluetooth API-Info.plist";
				IPHONEOS_DEPLOYMENT_TARGET = 5.1;
				PRODUCT_NAME = "Bluetooth API";
				WRAPPER_EXTENSION = app;
			};
			name = Release;
		};
/* End XCBuildConfiguration section */

/* Begin XCConfigurationList section */
		DDCEF77E1632556B0003EEB2 /* Build configuration list for PBXProject "Bluetooth API" */ = {
			isa = XCConfigurationList;
			buildConfigurations = (
				DDCEF7BB1632556C0003EEB2 /* Debug */,
				DDCEF7BC1632556C0003EEB2 /* Release */,
			);
			defaultConfigurationIsVisible = 0;
			defaultConfigurationName = Release;
		};
		DDCEF7BD1632556C0003EEB2 /* Build configuration list for PBXNativeTarget "Bluetooth API" */ = {
			isa = XCConfigurationList;
			buildConfigurations = (
				DDCEF7BE1632556C0003EEB2 /* Debug */,
				DDCEF7BF1632556C0003EEB2 /* Release */,
			);
			defaultConfigurationIsVisible = 0;
			defaultConfigurationName = Release;
		};
/* End XCConfigurationList section */

/* Begin XCVersionGroup section */
		DDCEF7A21632556B0003EEB2 /* Ninja.xcdatamodeld */ = {
			isa = XCVersionGroup;
			children = (
				DDCEF7A31632556B0003EEB2 /* Ninja.xcdatamodel */,
			);
			currentVersion = DDCEF7A31632556B0003EEB2 /* Ninja.xcdatamodel */;
			path = Ninja.xcdatamodeld;
			sourceTree = "<group>";
			versionGroupType = wrapper.xcdatamodel;
		};
/* End XCVersionGroup section */
	};
	rootObject = DDCEF77B1632556B0003EEB2 /* Project object */;
}
